// !$*UTF8*$!
{
	archiveVersion = 1;
	classes = {
	};
	objectVersion = 50;
	objects = {

/* Begin PBXBuildFile section */
		3332ECEA257FADA70090842D /* FilterOptions.swift in Sources */ = {isa = PBXBuildFile; fileRef = 3332ECE9257FADA70090842D /* FilterOptions.swift */; };
		3332ECF8257FCA690090842D /* ElementFilterListVC.swift in Sources */ = {isa = PBXBuildFile; fileRef = 3332ECF7257FCA690090842D /* ElementFilterListVC.swift */; };
		3332ED122580F4160090842D /* ElementSearchController.swift in Sources */ = {isa = PBXBuildFile; fileRef = 3332ED112580F4160090842D /* ElementSearchController.swift */; };
		33362B75257D534E001121FA /* AppDelegate.swift in Sources */ = {isa = PBXBuildFile; fileRef = 33362B74257D534E001121FA /* AppDelegate.swift */; };
		33362B7E257D5351001121FA /* Assets.xcassets in Resources */ = {isa = PBXBuildFile; fileRef = 33362B7D257D5351001121FA /* Assets.xcassets */; };
		33362B81257D5351001121FA /* LaunchScreen.storyboard in Resources */ = {isa = PBXBuildFile; fileRef = 33362B7F257D5351001121FA /* LaunchScreen.storyboard */; };
		33362B8C257D5351001121FA /* ElementsTests.swift in Sources */ = {isa = PBXBuildFile; fileRef = 33362B8B257D5351001121FA /* ElementsTests.swift */; };
		33362B97257D5351001121FA /* ElementsUITests.swift in Sources */ = {isa = PBXBuildFile; fileRef = 33362B96257D5351001121FA /* ElementsUITests.swift */; };
		33362BAD257D5372001121FA /* elements.json in Resources */ = {isa = PBXBuildFile; fileRef = 33362BAC257D5372001121FA /* elements.json */; };
		33362BB3257D54E2001121FA /* Element.swift in Sources */ = {isa = PBXBuildFile; fileRef = 33362BB2257D54E2001121FA /* Element.swift */; };
		33362BD4257D9F1B001121FA /* ElementListVC.swift in Sources */ = {isa = PBXBuildFile; fileRef = 33362BD3257D9F1B001121FA /* ElementListVC.swift */; };
		33362BDF257E2B08001121FA /* ElementNavigationVC.swift in Sources */ = {isa = PBXBuildFile; fileRef = 33362BDE257E2B08001121FA /* ElementNavigationVC.swift */; };
		33362BF5257E5CF2001121FA /* UIView+Utility.swift in Sources */ = {isa = PBXBuildFile; fileRef = 33362BF4257E5CF2001121FA /* UIView+Utility.swift */; };
		33362BFD257E5D3F001121FA /* ElementCell.swift in Sources */ = {isa = PBXBuildFile; fileRef = 33362BFC257E5D3F001121FA /* ElementCell.swift */; };
		33362C0B257E76DF001121FA /* ElementDetailVC.swift in Sources */ = {isa = PBXBuildFile; fileRef = 33362C0A257E76DF001121FA /* ElementDetailVC.swift */; };
		33ACCEFE257EAC0100C26724 /* ElementDetailCells.swift in Sources */ = {isa = PBXBuildFile; fileRef = 33ACCEFD257EAC0100C26724 /* ElementDetailCells.swift */; };
/* End PBXBuildFile section */

/* Begin PBXContainerItemProxy section */
		33362B88257D5351001121FA /* PBXContainerItemProxy */ = {
			isa = PBXContainerItemProxy;
			containerPortal = 33362B69257D534E001121FA /* Project object */;
			proxyType = 1;
			remoteGlobalIDString = 33362B70257D534E001121FA;
			remoteInfo = Elements;
		};
		33362B93257D5351001121FA /* PBXContainerItemProxy */ = {
			isa = PBXContainerItemProxy;
			containerPortal = 33362B69257D534E001121FA /* Project object */;
			proxyType = 1;
			remoteGlobalIDString = 33362B70257D534E001121FA;
			remoteInfo = Elements;
		};
/* End PBXContainerItemProxy section */

/* Begin PBXFileReference section */
		3332ECE9257FADA70090842D /* FilterOptions.swift */ = {isa = PBXFileReference; lastKnownFileType = sourcecode.swift; path = FilterOptions.swift; sourceTree = "<group>"; };
		3332ECF7257FCA690090842D /* ElementFilterListVC.swift */ = {isa = PBXFileReference; lastKnownFileType = sourcecode.swift; path = ElementFilterListVC.swift; sourceTree = "<group>"; };
		3332ED112580F4160090842D /* ElementSearchController.swift */ = {isa = PBXFileReference; lastKnownFileType = sourcecode.swift; path = ElementSearchController.swift; sourceTree = "<group>"; };
		33362B71257D534E001121FA /* Elements.app */ = {isa = PBXFileReference; explicitFileType = wrapper.application; includeInIndex = 0; path = Elements.app; sourceTree = BUILT_PRODUCTS_DIR; };
		33362B74257D534E001121FA /* AppDelegate.swift */ = {isa = PBXFileReference; lastKnownFileType = sourcecode.swift; path = AppDelegate.swift; sourceTree = "<group>"; };
		33362B7D257D5351001121FA /* Assets.xcassets */ = {isa = PBXFileReference; lastKnownFileType = folder.assetcatalog; path = Assets.xcassets; sourceTree = "<group>"; };
		33362B80257D5351001121FA /* Base */ = {isa = PBXFileReference; lastKnownFileType = file.storyboard; name = Base; path = Base.lproj/LaunchScreen.storyboard; sourceTree = "<group>"; };
		33362B82257D5351001121FA /* Info.plist */ = {isa = PBXFileReference; lastKnownFileType = text.plist.xml; path = Info.plist; sourceTree = "<group>"; };
		33362B87257D5351001121FA /* ElementsTests.xctest */ = {isa = PBXFileReference; explicitFileType = wrapper.cfbundle; includeInIndex = 0; path = ElementsTests.xctest; sourceTree = BUILT_PRODUCTS_DIR; };
		33362B8B257D5351001121FA /* ElementsTests.swift */ = {isa = PBXFileReference; lastKnownFileType = sourcecode.swift; path = ElementsTests.swift; sourceTree = "<group>"; };
		33362B8D257D5351001121FA /* Info.plist */ = {isa = PBXFileReference; lastKnownFileType = text.plist.xml; path = Info.plist; sourceTree = "<group>"; };
		33362B92257D5351001121FA /* ElementsUITests.xctest */ = {isa = PBXFileReference; explicitFileType = wrapper.cfbundle; includeInIndex = 0; path = ElementsUITests.xctest; sourceTree = BUILT_PRODUCTS_DIR; };
		33362B96257D5351001121FA /* ElementsUITests.swift */ = {isa = PBXFileReference; lastKnownFileType = sourcecode.swift; path = ElementsUITests.swift; sourceTree = "<group>"; };
		33362B98257D5351001121FA /* Info.plist */ = {isa = PBXFileReference; lastKnownFileType = text.plist.xml; path = Info.plist; sourceTree = "<group>"; };
		33362BAC257D5372001121FA /* elements.json */ = {isa = PBXFileReference; lastKnownFileType = text.json; path = elements.json; sourceTree = "<group>"; };
		33362BB2257D54E2001121FA /* Element.swift */ = {isa = PBXFileReference; lastKnownFileType = sourcecode.swift; path = Element.swift; sourceTree = "<group>"; };
		33362BD3257D9F1B001121FA /* ElementListVC.swift */ = {isa = PBXFileReference; lastKnownFileType = sourcecode.swift; path = ElementListVC.swift; sourceTree = "<group>"; };
		33362BDE257E2B08001121FA /* ElementNavigationVC.swift */ = {isa = PBXFileReference; lastKnownFileType = sourcecode.swift; path = ElementNavigationVC.swift; sourceTree = "<group>"; };
		33362BF4257E5CF2001121FA /* UIView+Utility.swift */ = {isa = PBXFileReference; lastKnownFileType = sourcecode.swift; path = "UIView+Utility.swift"; sourceTree = "<group>"; };
		33362BFC257E5D3F001121FA /* ElementCell.swift */ = {isa = PBXFileReference; lastKnownFileType = sourcecode.swift; path = ElementCell.swift; sourceTree = "<group>"; };
		33362C0A257E76DF001121FA /* ElementDetailVC.swift */ = {isa = PBXFileReference; lastKnownFileType = sourcecode.swift; path = ElementDetailVC.swift; sourceTree = "<group>"; };
		33ACCEFD257EAC0100C26724 /* ElementDetailCells.swift */ = {isa = PBXFileReference; lastKnownFileType = sourcecode.swift; path = ElementDetailCells.swift; sourceTree = "<group>"; };
/* End PBXFileReference section */

/* Begin PBXFrameworksBuildPhase section */
		33362B6E257D534E001121FA /* Frameworks */ = {
			isa = PBXFrameworksBuildPhase;
			buildActionMask = 2147483647;
			files = (
			);
			runOnlyForDeploymentPostprocessing = 0;
		};
		33362B84257D5351001121FA /* Frameworks */ = {
			isa = PBXFrameworksBuildPhase;
			buildActionMask = 2147483647;
			files = (
			);
			runOnlyForDeploymentPostprocessing = 0;
		};
		33362B8F257D5351001121FA /* Frameworks */ = {
			isa = PBXFrameworksBuildPhase;
			buildActionMask = 2147483647;
			files = (
			);
			runOnlyForDeploymentPostprocessing = 0;
		};
/* End PBXFrameworksBuildPhase section */

/* Begin PBXGroup section */
		3332ED072580E1400090842D /* Element List */ = {
			isa = PBXGroup;
			children = (
				33362BD3257D9F1B001121FA /* ElementListVC.swift */,
				33362BFC257E5D3F001121FA /* ElementCell.swift */,
			);
			path = "Element List";
			sourceTree = "<group>";
		};
		3332ED082580E14D0090842D /* Element Filter */ = {
			isa = PBXGroup;
			children = (
				3332ECF7257FCA690090842D /* ElementFilterListVC.swift */,
			);
			path = "Element Filter";
			sourceTree = "<group>";
		};
		33362B68257D534E001121FA = {
			isa = PBXGroup;
			children = (
				33362B73257D534E001121FA /* Elements */,
				33362B8A257D5351001121FA /* ElementsTests */,
				33362B95257D5351001121FA /* ElementsUITests */,
				33362B72257D534E001121FA /* Products */,
			);
			sourceTree = "<group>";
		};
		33362B72257D534E001121FA /* Products */ = {
			isa = PBXGroup;
			children = (
				33362B71257D534E001121FA /* Elements.app */,
				33362B87257D5351001121FA /* ElementsTests.xctest */,
				33362B92257D5351001121FA /* ElementsUITests.xctest */,
			);
			name = Products;
			sourceTree = "<group>";
		};
		33362B73257D534E001121FA /* Elements */ = {
			isa = PBXGroup;
			children = (
				33362BD2257D9F0F001121FA /* Views */,
				33362BB1257D54DA001121FA /* Models */,
				33362BF3257E5CE2001121FA /* Utility */,
				33362BAB257D5360001121FA /* Resources */,
				33362B74257D534E001121FA /* AppDelegate.swift */,
				33362B7D257D5351001121FA /* Assets.xcassets */,
				33362B7F257D5351001121FA /* LaunchScreen.storyboard */,
				33362B82257D5351001121FA /* Info.plist */,
			);
			path = Elements;
			sourceTree = "<group>";
		};
		33362B8A257D5351001121FA /* ElementsTests */ = {
			isa = PBXGroup;
			children = (
				33362B8B257D5351001121FA /* ElementsTests.swift */,
				33362B8D257D5351001121FA /* Info.plist */,
			);
			path = ElementsTests;
			sourceTree = "<group>";
		};
		33362B95257D5351001121FA /* ElementsUITests */ = {
			isa = PBXGroup;
			children = (
				33362B96257D5351001121FA /* ElementsUITests.swift */,
				33362B98257D5351001121FA /* Info.plist */,
			);
			path = ElementsUITests;
			sourceTree = "<group>";
		};
		33362BAB257D5360001121FA /* Resources */ = {
			isa = PBXGroup;
			children = (
				33362BAC257D5372001121FA /* elements.json */,
			);
			path = Resources;
			sourceTree = "<group>";
		};
		33362BB1257D54DA001121FA /* Models */ = {
			isa = PBXGroup;
			children = (
				33362BB2257D54E2001121FA /* Element.swift */,
			);
			path = Models;
			sourceTree = "<group>";
		};
		33362BD2257D9F0F001121FA /* Views */ = {
			isa = PBXGroup;
			children = (
				3332ED072580E1400090842D /* Element List */,
				33362C18257E9B83001121FA /* Element Detail */,
				3332ED082580E14D0090842D /* Element Filter */,
				33362BDE257E2B08001121FA /* ElementNavigationVC.swift */,
				3332ED112580F4160090842D /* ElementSearchController.swift */,
			);
			path = Views;
			sourceTree = "<group>";
		};
		33362BF3257E5CE2001121FA /* Utility */ = {
			isa = PBXGroup;
			children = (
				33362BF4257E5CF2001121FA /* UIView+Utility.swift */,
				3332ECE9257FADA70090842D /* FilterOptions.swift */,
			);
			path = Utility;
			sourceTree = "<group>";
		};
		33362C18257E9B83001121FA /* Element Detail */ = {
			isa = PBXGroup;
			children = (
				33362C0A257E76DF001121FA /* ElementDetailVC.swift */,
				33ACCEFD257EAC0100C26724 /* ElementDetailCells.swift */,
			);
			path = "Element Detail";
			sourceTree = "<group>";
		};
/* End PBXGroup section */

/* Begin PBXNativeTarget section */
		33362B70257D534E001121FA /* Elements */ = {
			isa = PBXNativeTarget;
			buildConfigurationList = 33362B9B257D5352001121FA /* Build configuration list for PBXNativeTarget "Elements" */;
			buildPhases = (
				33362B6D257D534E001121FA /* Sources */,
				33362B6E257D534E001121FA /* Frameworks */,
				33362B6F257D534E001121FA /* Resources */,
			);
			buildRules = (
			);
			dependencies = (
			);
			name = Elements;
			productName = Elements;
			productReference = 33362B71257D534E001121FA /* Elements.app */;
			productType = "com.apple.product-type.application";
		};
		33362B86257D5351001121FA /* ElementsTests */ = {
			isa = PBXNativeTarget;
			buildConfigurationList = 33362B9E257D5352001121FA /* Build configuration list for PBXNativeTarget "ElementsTests" */;
			buildPhases = (
				33362B83257D5351001121FA /* Sources */,
				33362B84257D5351001121FA /* Frameworks */,
				33362B85257D5351001121FA /* Resources */,
			);
			buildRules = (
			);
			dependencies = (
				33362B89257D5351001121FA /* PBXTargetDependency */,
			);
			name = ElementsTests;
			productName = ElementsTests;
			productReference = 33362B87257D5351001121FA /* ElementsTests.xctest */;
			productType = "com.apple.product-type.bundle.unit-test";
		};
		33362B91257D5351001121FA /* ElementsUITests */ = {
			isa = PBXNativeTarget;
			buildConfigurationList = 33362BA1257D5352001121FA /* Build configuration list for PBXNativeTarget "ElementsUITests" */;
			buildPhases = (
				33362B8E257D5351001121FA /* Sources */,
				33362B8F257D5351001121FA /* Frameworks */,
				33362B90257D5351001121FA /* Resources */,
			);
			buildRules = (
			);
			dependencies = (
				33362B94257D5351001121FA /* PBXTargetDependency */,
			);
			name = ElementsUITests;
			productName = ElementsUITests;
			productReference = 33362B92257D5351001121FA /* ElementsUITests.xctest */;
			productType = "com.apple.product-type.bundle.ui-testing";
		};
/* End PBXNativeTarget section */

/* Begin PBXProject section */
		33362B69257D534E001121FA /* Project object */ = {
			isa = PBXProject;
			attributes = {
				LastSwiftUpdateCheck = 1220;
				LastUpgradeCheck = 1220;
				TargetAttributes = {
					33362B70257D534E001121FA = {
						CreatedOnToolsVersion = 12.2;
					};
					33362B86257D5351001121FA = {
						CreatedOnToolsVersion = 12.2;
						TestTargetID = 33362B70257D534E001121FA;
					};
					33362B91257D5351001121FA = {
						CreatedOnToolsVersion = 12.2;
						TestTargetID = 33362B70257D534E001121FA;
					};
				};
			};
			buildConfigurationList = 33362B6C257D534E001121FA /* Build configuration list for PBXProject "Elements" */;
			compatibilityVersion = "Xcode 9.3";
			developmentRegion = en;
			hasScannedForEncodings = 0;
			knownRegions = (
				en,
				Base,
			);
			mainGroup = 33362B68257D534E001121FA;
			productRefGroup = 33362B72257D534E001121FA /* Products */;
			projectDirPath = "";
			projectRoot = "";
			targets = (
				33362B70257D534E001121FA /* Elements */,
				33362B86257D5351001121FA /* ElementsTests */,
				33362B91257D5351001121FA /* ElementsUITests */,
			);
		};
/* End PBXProject section */

/* Begin PBXResourcesBuildPhase section */
		33362B6F257D534E001121FA /* Resources */ = {
			isa = PBXResourcesBuildPhase;
			buildActionMask = 2147483647;
			files = (
				33362B81257D5351001121FA /* LaunchScreen.storyboard in Resources */,
				33362B7E257D5351001121FA /* Assets.xcassets in Resources */,
				33362BAD257D5372001121FA /* elements.json in Resources */,
			);
			runOnlyForDeploymentPostprocessing = 0;
		};
		33362B85257D5351001121FA /* Resources */ = {
			isa = PBXResourcesBuildPhase;
			buildActionMask = 2147483647;
			files = (
			);
			runOnlyForDeploymentPostprocessing = 0;
		};
		33362B90257D5351001121FA /* Resources */ = {
			isa = PBXResourcesBuildPhase;
			buildActionMask = 2147483647;
			files = (
			);
			runOnlyForDeploymentPostprocessing = 0;
		};
/* End PBXResourcesBuildPhase section */

/* Begin PBXSourcesBuildPhase section */
		33362B6D257D534E001121FA /* Sources */ = {
			isa = PBXSourcesBuildPhase;
			buildActionMask = 2147483647;
			files = (
				33362BFD257E5D3F001121FA /* ElementCell.swift in Sources */,
				33362B75257D534E001121FA /* AppDelegate.swift in Sources */,
				3332ED122580F4160090842D /* ElementSearchController.swift in Sources */,
				33362BF5257E5CF2001121FA /* UIView+Utility.swift in Sources */,
				33ACCEFE257EAC0100C26724 /* ElementDetailCells.swift in Sources */,
				33362BB3257D54E2001121FA /* Element.swift in Sources */,
				33362BD4257D9F1B001121FA /* ElementListVC.swift in Sources */,
				3332ECEA257FADA70090842D /* FilterOptions.swift in Sources */,
				3332ECF8257FCA690090842D /* ElementFilterListVC.swift in Sources */,
				33362BDF257E2B08001121FA /* ElementNavigationVC.swift in Sources */,
				33362C0B257E76DF001121FA /* ElementDetailVC.swift in Sources */,
			);
			runOnlyForDeploymentPostprocessing = 0;
		};
		33362B83257D5351001121FA /* Sources */ = {
			isa = PBXSourcesBuildPhase;
			buildActionMask = 2147483647;
			files = (
				33362B8C257D5351001121FA /* ElementsTests.swift in Sources */,
			);
			runOnlyForDeploymentPostprocessing = 0;
		};
		33362B8E257D5351001121FA /* Sources */ = {
			isa = PBXSourcesBuildPhase;
			buildActionMask = 2147483647;
			files = (
				33362B97257D5351001121FA /* ElementsUITests.swift in Sources */,
			);
			runOnlyForDeploymentPostprocessing = 0;
		};
/* End PBXSourcesBuildPhase section */

/* Begin PBXTargetDependency section */
		33362B89257D5351001121FA /* PBXTargetDependency */ = {
			isa = PBXTargetDependency;
			target = 33362B70257D534E001121FA /* Elements */;
			targetProxy = 33362B88257D5351001121FA /* PBXContainerItemProxy */;
		};
		33362B94257D5351001121FA /* PBXTargetDependency */ = {
			isa = PBXTargetDependency;
			target = 33362B70257D534E001121FA /* Elements */;
			targetProxy = 33362B93257D5351001121FA /* PBXContainerItemProxy */;
		};
/* End PBXTargetDependency section */

/* Begin PBXVariantGroup section */
		33362B7F257D5351001121FA /* LaunchScreen.storyboard */ = {
			isa = PBXVariantGroup;
			children = (
				33362B80257D5351001121FA /* Base */,
			);
			name = LaunchScreen.storyboard;
			sourceTree = "<group>";
		};
/* End PBXVariantGroup section */

/* Begin XCBuildConfiguration section */
		33362B99257D5352001121FA /* Debug */ = {
			isa = XCBuildConfiguration;
			buildSettings = {
				ALWAYS_SEARCH_USER_PATHS = NO;
				CLANG_ANALYZER_NONNULL = YES;
				CLANG_ANALYZER_NUMBER_OBJECT_CONVERSION = YES_AGGRESSIVE;
				CLANG_CXX_LANGUAGE_STANDARD = "gnu++14";
				CLANG_CXX_LIBRARY = "libc++";
				CLANG_ENABLE_MODULES = YES;
				CLANG_ENABLE_OBJC_ARC = YES;
				CLANG_ENABLE_OBJC_WEAK = YES;
				CLANG_WARN_BLOCK_CAPTURE_AUTORELEASING = YES;
				CLANG_WARN_BOOL_CONVERSION = YES;
				CLANG_WARN_COMMA = YES;
				CLANG_WARN_CONSTANT_CONVERSION = YES;
				CLANG_WARN_DEPRECATED_OBJC_IMPLEMENTATIONS = YES;
				CLANG_WARN_DIRECT_OBJC_ISA_USAGE = YES_ERROR;
				CLANG_WARN_DOCUMENTATION_COMMENTS = YES;
				CLANG_WARN_EMPTY_BODY = YES;
				CLANG_WARN_ENUM_CONVERSION = YES;
				CLANG_WARN_INFINITE_RECURSION = YES;
				CLANG_WARN_INT_CONVERSION = YES;
				CLANG_WARN_NON_LITERAL_NULL_CONVERSION = YES;
				CLANG_WARN_OBJC_IMPLICIT_RETAIN_SELF = YES;
				CLANG_WARN_OBJC_LITERAL_CONVERSION = YES;
				CLANG_WARN_OBJC_ROOT_CLASS = YES_ERROR;
				CLANG_WARN_QUOTED_INCLUDE_IN_FRAMEWORK_HEADER = YES;
				CLANG_WARN_RANGE_LOOP_ANALYSIS = YES;
				CLANG_WARN_STRICT_PROTOTYPES = YES;
				CLANG_WARN_SUSPICIOUS_MOVE = YES;
				CLANG_WARN_UNGUARDED_AVAILABILITY = YES_AGGRESSIVE;
				CLANG_WARN_UNREACHABLE_CODE = YES;
				CLANG_WARN__DUPLICATE_METHOD_MATCH = YES;
				COPY_PHASE_STRIP = NO;
				DEBUG_INFORMATION_FORMAT = dwarf;
				ENABLE_STRICT_OBJC_MSGSEND = YES;
				ENABLE_TESTABILITY = YES;
				GCC_C_LANGUAGE_STANDARD = gnu11;
				GCC_DYNAMIC_NO_PIC = NO;
				GCC_NO_COMMON_BLOCKS = YES;
				GCC_OPTIMIZATION_LEVEL = 0;
				GCC_PREPROCESSOR_DEFINITIONS = (
					"DEBUG=1",
					"$(inherited)",
				);
				GCC_WARN_64_TO_32_BIT_CONVERSION = YES;
				GCC_WARN_ABOUT_RETURN_TYPE = YES_ERROR;
				GCC_WARN_UNDECLARED_SELECTOR = YES;
				GCC_WARN_UNINITIALIZED_AUTOS = YES_AGGRESSIVE;
				GCC_WARN_UNUSED_FUNCTION = YES;
				GCC_WARN_UNUSED_VARIABLE = YES;
				IPHONEOS_DEPLOYMENT_TARGET = 14.2;
				MTL_ENABLE_DEBUG_INFO = INCLUDE_SOURCE;
				MTL_FAST_MATH = YES;
				ONLY_ACTIVE_ARCH = YES;
				SDKROOT = iphoneos;
				SWIFT_ACTIVE_COMPILATION_CONDITIONS = DEBUG;
				SWIFT_OPTIMIZATION_LEVEL = "-Onone";
			};
			name = Debug;
		};
		33362B9A257D5352001121FA /* Release */ = {
			isa = XCBuildConfiguration;
			buildSettings = {
				ALWAYS_SEARCH_USER_PATHS = NO;
				CLANG_ANALYZER_NONNULL = YES;
				CLANG_ANALYZER_NUMBER_OBJECT_CONVERSION = YES_AGGRESSIVE;
				CLANG_CXX_LANGUAGE_STANDARD = "gnu++14";
				CLANG_CXX_LIBRARY = "libc++";
				CLANG_ENABLE_MODULES = YES;
				CLANG_ENABLE_OBJC_ARC = YES;
				CLANG_ENABLE_OBJC_WEAK = YES;
				CLANG_WARN_BLOCK_CAPTURE_AUTORELEASING = YES;
				CLANG_WARN_BOOL_CONVERSION = YES;
				CLANG_WARN_COMMA = YES;
				CLANG_WARN_CONSTANT_CONVERSION = YES;
				CLANG_WARN_DEPRECATED_OBJC_IMPLEMENTATIONS = YES;
				CLANG_WARN_DIRECT_OBJC_ISA_USAGE = YES_ERROR;
				CLANG_WARN_DOCUMENTATION_COMMENTS = YES;
				CLANG_WARN_EMPTY_BODY = YES;
				CLANG_WARN_ENUM_CONVERSION = YES;
				CLANG_WARN_INFINITE_RECURSION = YES;
				CLANG_WARN_INT_CONVERSION = YES;
				CLANG_WARN_NON_LITERAL_NULL_CONVERSION = YES;
				CLANG_WARN_OBJC_IMPLICIT_RETAIN_SELF = YES;
				CLANG_WARN_OBJC_LITERAL_CONVERSION = YES;
				CLANG_WARN_OBJC_ROOT_CLASS = YES_ERROR;
				CLANG_WARN_QUOTED_INCLUDE_IN_FRAMEWORK_HEADER = YES;
				CLANG_WARN_RANGE_LOOP_ANALYSIS = YES;
				CLANG_WARN_STRICT_PROTOTYPES = YES;
				CLANG_WARN_SUSPICIOUS_MOVE = YES;
				CLANG_WARN_UNGUARDED_AVAILABILITY = YES_AGGRESSIVE;
				CLANG_WARN_UNREACHABLE_CODE = YES;
				CLANG_WARN__DUPLICATE_METHOD_MATCH = YES;
				COPY_PHASE_STRIP = NO;
				DEBUG_INFORMATION_FORMAT = "dwarf-with-dsym";
				ENABLE_NS_ASSERTIONS = NO;
				ENABLE_STRICT_OBJC_MSGSEND = YES;
				GCC_C_LANGUAGE_STANDARD = gnu11;
				GCC_NO_COMMON_BLOCKS = YES;
				GCC_WARN_64_TO_32_BIT_CONVERSION = YES;
				GCC_WARN_ABOUT_RETURN_TYPE = YES_ERROR;
				GCC_WARN_UNDECLARED_SELECTOR = YES;
				GCC_WARN_UNINITIALIZED_AUTOS = YES_AGGRESSIVE;
				GCC_WARN_UNUSED_FUNCTION = YES;
				GCC_WARN_UNUSED_VARIABLE = YES;
				IPHONEOS_DEPLOYMENT_TARGET = 14.2;
				MTL_ENABLE_DEBUG_INFO = NO;
				MTL_FAST_MATH = YES;
				SDKROOT = iphoneos;
				SWIFT_COMPILATION_MODE = wholemodule;
				SWIFT_OPTIMIZATION_LEVEL = "-O";
				VALIDATE_PRODUCT = YES;
			};
			name = Release;
		};
		33362B9C257D5352001121FA /* Debug */ = {
			isa = XCBuildConfiguration;
			buildSettings = {
				ASSETCATALOG_COMPILER_APPICON_NAME = AppIcon;
				ASSETCATALOG_COMPILER_GLOBAL_ACCENT_COLOR_NAME = AccentColor;
				CODE_SIGN_STYLE = Automatic;
				DEVELOPMENT_TEAM = 6S8CGTGXMF;
				INFOPLIST_FILE = Elements/Info.plist;
				IPHONEOS_DEPLOYMENT_TARGET = 13.6;
				LD_RUNPATH_SEARCH_PATHS = (
					"$(inherited)",
					"@executable_path/Frameworks",
				);
				PRODUCT_BUNDLE_IDENTIFIER = com.kolkman.bram.elements;
				PRODUCT_NAME = "$(TARGET_NAME)";
				SWIFT_VERSION = 5.0;
				TARGETED_DEVICE_FAMILY = "1,2";
			};
			name = Debug;
		};
		33362B9D257D5352001121FA /* Release */ = {
			isa = XCBuildConfiguration;
			buildSettings = {
				ASSETCATALOG_COMPILER_APPICON_NAME = AppIcon;
				ASSETCATALOG_COMPILER_GLOBAL_ACCENT_COLOR_NAME = AccentColor;
				CODE_SIGN_STYLE = Automatic;
				DEVELOPMENT_TEAM = 6S8CGTGXMF;
				INFOPLIST_FILE = Elements/Info.plist;
				IPHONEOS_DEPLOYMENT_TARGET = 13.6;
				LD_RUNPATH_SEARCH_PATHS = (
					"$(inherited)",
					"@executable_path/Frameworks",
				);
				PRODUCT_BUNDLE_IDENTIFIER = com.kolkman.bram.elements;
				PRODUCT_NAME = "$(TARGET_NAME)";
				SWIFT_VERSION = 5.0;
				TARGETED_DEVICE_FAMILY = "1,2";
			};
			name = Release;
		};
		33362B9F257D5352001121FA /* Debug */ = {
			isa = XCBuildConfiguration;
			buildSettings = {
				ALWAYS_EMBED_SWIFT_STANDARD_LIBRARIES = YES;
				BUNDLE_LOADER = "$(TEST_HOST)";
				CODE_SIGN_STYLE = Automatic;
				DEVELOPMENT_TEAM = 6S8CGTGXMF;
				INFOPLIST_FILE = ElementsTests/Info.plist;
				IPHONEOS_DEPLOYMENT_TARGET = 14.2;
				LD_RUNPATH_SEARCH_PATHS = (
					"$(inherited)",
					"@executable_path/Frameworks",
					"@loader_path/Frameworks",
				);
				PRODUCT_BUNDLE_IDENTIFIER = com.github.craz1k0ek.ElementsTests;
				PRODUCT_NAME = "$(TARGET_NAME)";
				SWIFT_VERSION = 5.0;
				TARGETED_DEVICE_FAMILY = "1,2";
				TEST_HOST = "$(BUILT_PRODUCTS_DIR)/Elements.app/Elements";
			};
			name = Debug;
		};
		33362BA0257D5352001121FA /* Release */ = {
			isa = XCBuildConfiguration;
			buildSettings = {
				ALWAYS_EMBED_SWIFT_STANDARD_LIBRARIES = YES;
				BUNDLE_LOADER = "$(TEST_HOST)";
				CODE_SIGN_STYLE = Automatic;
				DEVELOPMENT_TEAM = 6S8CGTGXMF;
				INFOPLIST_FILE = ElementsTests/Info.plist;
				IPHONEOS_DEPLOYMENT_TARGET = 14.2;
				LD_RUNPATH_SEARCH_PATHS = (
					"$(inherited)",
					"@executable_path/Frameworks",
					"@loader_path/Frameworks",
				);
				PRODUCT_BUNDLE_IDENTIFIER = com.github.craz1k0ek.ElementsTests;
				PRODUCT_NAME = "$(TARGET_NAME)";
				SWIFT_VERSION = 5.0;
				TARGETED_DEVICE_FAMILY = "1,2";
				TEST_HOST = "$(BUILT_PRODUCTS_DIR)/Elements.app/Elements";
			};
			name = Release;
		};
		33362BA2257D5352001121FA /* Debug */ = {
			isa = XCBuildConfiguration;
			buildSettings = {
				ALWAYS_EMBED_SWIFT_STANDARD_LIBRARIES = YES;
				CODE_SIGN_STYLE = Automatic;
				DEVELOPMENT_TEAM = 6S8CGTGXMF;
				INFOPLIST_FILE = ElementsUITests/Info.plist;
				LD_RUNPATH_SEARCH_PATHS = (
					"$(inherited)",
					"@executable_path/Frameworks",
					"@loader_path/Frameworks",
				);
				PRODUCT_BUNDLE_IDENTIFIER = com.github.craz1k0ek.ElementsUITests;
				PRODUCT_NAME = "$(TARGET_NAME)";
				SWIFT_VERSION = 5.0;
				TARGETED_DEVICE_FAMILY = "1,2";
				TEST_TARGET_NAME = Elements;
			};
			name = Debug;
		};
		33362BA3257D5352001121FA /* Release */ = {
			isa = XCBuildConfiguration;
			buildSettings = {
				ALWAYS_EMBED_SWIFT_STANDARD_LIBRARIES = YES;
				CODE_SIGN_STYLE = Automatic;
				DEVELOPMENT_TEAM = 6S8CGTGXMF;
				INFOPLIST_FILE = ElementsUITests/Info.plist;
				LD_RUNPATH_SEARCH_PATHS = (
					"$(inherited)",
					"@executable_path/Frameworks",
					"@loader_path/Frameworks",
				);
				PRODUCT_BUNDLE_IDENTIFIER = com.github.craz1k0ek.ElementsUITests;
				PRODUCT_NAME = "$(TARGET_NAME)";
				SWIFT_VERSION = 5.0;
				TARGETED_DEVICE_FAMILY = "1,2";
				TEST_TARGET_NAME = Elements;
			};
			name = Release;
		};
/* End XCBuildConfiguration section */

/* Begin XCConfigurationList section */
		33362B6C257D534E001121FA /* Build configuration list for PBXProject "Elements" */ = {
			isa = XCConfigurationList;
			buildConfigurations = (
				33362B99257D5352001121FA /* Debug */,
				33362B9A257D5352001121FA /* Release */,
			);
			defaultConfigurationIsVisible = 0;
			defaultConfigurationName = Release;
		};
		33362B9B257D5352001121FA /* Build configuration list for PBXNativeTarget "Elements" */ = {
			isa = XCConfigurationList;
			buildConfigurations = (
				33362B9C257D5352001121FA /* Debug */,
				33362B9D257D5352001121FA /* Release */,
			);
			defaultConfigurationIsVisible = 0;
			defaultConfigurationName = Release;
		};
		33362B9E257D5352001121FA /* Build configuration list for PBXNativeTarget "ElementsTests" */ = {
			isa = XCConfigurationList;
			buildConfigurations = (
				33362B9F257D5352001121FA /* Debug */,
				33362BA0257D5352001121FA /* Release */,
			);
			defaultConfigurationIsVisible = 0;
			defaultConfigurationName = Release;
		};
		33362BA1257D5352001121FA /* Build configuration list for PBXNativeTarget "ElementsUITests" */ = {
			isa = XCConfigurationList;
			buildConfigurations = (
				33362BA2257D5352001121FA /* Debug */,
				33362BA3257D5352001121FA /* Release */,
			);
			defaultConfigurationIsVisible = 0;
			defaultConfigurationName = Release;
		};
/* End XCConfigurationList section */
	};
	rootObject = 33362B69257D534E001121FA /* Project object */;
}
